PODS:
  - Realm (0.98.2):
    - Realm/Headers (= 0.98.2)
  - Realm/Headers (0.98.2)
  - RealmSwift (0.98.2):
    - Realm (= 0.98.2)
  - ReSwift (0.2.5)
  - ReSwiftRouter (0.2.5):
    - ReSwift (= 0.2.5)

DEPENDENCIES:
  - RealmSwift
  - ReSwift
  - ReSwiftRouter

SPEC CHECKSUMS:
  Realm: 88a147fe04b8f07191a676b15c779b2b448991de
  RealmSwift: 9907c7415b3e19ef2ab9f89878fc890f03f93aea
  ReSwift: 0c7e65229f1457f13ed6be35342c1295df9bf9d9
  ReSwiftRouter: d132a671bccf11958c31c0898547e06145d2614d

COCOAPODS: 0.39.0
