PODS:
  - Realm (0.98.6):
    - Realm/Headers (= 0.98.6)
  - Realm/Headers (0.98.6)
  - RealmSwift (0.98.6):
    - Realm (= 0.98.6)
  - ReSwift (1.0.0)
  - ReSwiftRouter (0.2.7):
    - ReSwift (~> 1.0)
  - RSDayFlow (1.4.1)

DEPENDENCIES:
  - RealmSwift
  - ReSwift
  - ReSwiftRouter
  - RSDayFlow

SPEC CHECKSUMS:
  Realm: 44803f35418c5d89b27825a564247fcd190de37e
  RealmSwift: c7239c52c83f8c43525a5269ba7be1694da33afc
  ReSwift: 2097946852b045bcc04182b63cdab9ab7fc35812
  ReSwiftRouter: 2fce1ffa55c8d342f25d36875e57bd8fd7f2a24f
  RSDayFlow: 24e9fb2f1f2cdbcb82e33345ae7fcc55309f746c

COCOAPODS: 0.39.0
