PODS:
  - Realm (2.9.0):
    - Realm/Headers (= 2.9.0)
  - Realm/Headers (2.9.0)
  - RealmSwift (2.9.0):
    - Realm (= 2.9.0)
  - ReSwift (4.0.0)
  - RSDayFlow (1.6.1)

DEPENDENCIES:
  - RealmSwift
  - ReSwift
  - RSDayFlow

SPEC CHECKSUMS:
  Realm: f14ab1673502559cb16592ddb8f383c474c13e05
  RealmSwift: 16ad2c187042c4934f49750375582fe508627dcb
  ReSwift: f058ef13b46ae5f463f10605ccbbb7fb04424d8d
  RSDayFlow: be619e2348f6b1332040f65f7f1e49ec0903bca0

PODFILE CHECKSUM: 1b20c02ada4a8036f633181500d2227a0bb1b339

COCOAPODS: 1.2.1
